{
  "name": "piritahi-slider-example",
  "lockfileVersion": 2,
  "requires": true,
  "packages": {
    "": {
      "dependencies": {
        "hammer-touchemulator": "^0.0.2"
      }
    },
    "node_modules/hammer-touchemulator": {
      "version": "0.0.2",
      "resolved": "https://registry.npmjs.org/hammer-touchemulator/-/hammer-touchemulator-0.0.2.tgz",
      "integrity": "sha1-i+pGFnKdU7918WxY9ZnBhOVKWQ4="
    }
  },
  "dependencies": {
    "hammer-touchemulator": {
      "version": "0.0.2",
      "resolved": "https://registry.npmjs.org/hammer-touchemulator/-/hammer-touchemulator-0.0.2.tgz",
      "integrity": "sha1-i+pGFnKdU7918WxY9ZnBhOVKWQ4="
    }
  }
}
